// !$*UTF8*$!
{
	archiveVersion = 1;
	classes = {
	};
	objectVersion = 55;
	objects = {

/* Begin PBXBuildFile section */
		CE39C7C328D35D0A00C27AAD /* StorageService.swift in Sources */ = {isa = PBXBuildFile; fileRef = CE39C7C228D35D0A00C27AAD /* StorageService.swift */; };
		CE3BB89628B10E62009C9996 /* PizzaShopApp.swift in Sources */ = {isa = PBXBuildFile; fileRef = CE3BB89528B10E62009C9996 /* PizzaShopApp.swift */; };
		CE3BB89828B10E62009C9996 /* AuthView.swift in Sources */ = {isa = PBXBuildFile; fileRef = CE3BB89728B10E62009C9996 /* AuthView.swift */; };
		CE3BB89A28B10E64009C9996 /* Assets.xcassets in Resources */ = {isa = PBXBuildFile; fileRef = CE3BB89928B10E64009C9996 /* Assets.xcassets */; };
		CE3BB89D28B10E64009C9996 /* Preview Assets.xcassets in Resources */ = {isa = PBXBuildFile; fileRef = CE3BB89C28B10E64009C9996 /* Preview Assets.xcassets */; };
		CE3BB8A628B12C52009C9996 /* MainTabBarView.swift in Sources */ = {isa = PBXBuildFile; fileRef = CE3BB8A528B12C52009C9996 /* MainTabBarView.swift */; };
		CE3BB8A828B1302E009C9996 /* CatalogView.swift in Sources */ = {isa = PBXBuildFile; fileRef = CE3BB8A728B1302D009C9996 /* CatalogView.swift */; };
		CE3BB8AA28B13039009C9996 /* CartView.swift in Sources */ = {isa = PBXBuildFile; fileRef = CE3BB8A928B13039009C9996 /* CartView.swift */; };
		CE3BB8AC28B13044009C9996 /* ProfileView.swift in Sources */ = {isa = PBXBuildFile; fileRef = CE3BB8AB28B13044009C9996 /* ProfileView.swift */; };
		CE510FE228C92DC000C09558 /* OrderCell.swift in Sources */ = {isa = PBXBuildFile; fileRef = CE510FE128C92DC000C09558 /* OrderCell.swift */; };
		CE5128BD28C61CB1007EA95D /* MainTabBarViewModel.swift in Sources */ = {isa = PBXBuildFile; fileRef = CE5128BC28C61CB0007EA95D /* MainTabBarViewModel.swift */; };
		CE5128BF28C62399007EA95D /* PropertiesUser.swift in Sources */ = {isa = PBXBuildFile; fileRef = CE5128BE28C62399007EA95D /* PropertiesUser.swift */; };
		CE5128C128C624B8007EA95D /* DataBaseService.swift in Sources */ = {isa = PBXBuildFile; fileRef = CE5128C028C624B7007EA95D /* DataBaseService.swift */; };
		CE5B275C28B6474C00B9453E /* GoogleService-Info.plist in Resources */ = {isa = PBXBuildFile; fileRef = CE5B275B28B6474C00B9453E /* GoogleService-Info.plist */; };
		CE5B275F28B64AD400B9453E /* FirebaseAuth in Frameworks */ = {isa = PBXBuildFile; productRef = CE5B275E28B64AD400B9453E /* FirebaseAuth */; };
		CE5B276128B64AD400B9453E /* FirebaseFirestore in Frameworks */ = {isa = PBXBuildFile; productRef = CE5B276028B64AD400B9453E /* FirebaseFirestore */; };
		CE5B276328B64AD400B9453E /* FirebaseStorage in Frameworks */ = {isa = PBXBuildFile; productRef = CE5B276228B64AD400B9453E /* FirebaseStorage */; };
		CE5B276528B6517E00B9453E /* AuthService.swift in Sources */ = {isa = PBXBuildFile; fileRef = CE5B276428B6517D00B9453E /* AuthService.swift */; };
		CE7DE5D128B4C3E100A1EB23 /* Position.swift in Sources */ = {isa = PBXBuildFile; fileRef = CE7DE5D028B4C3E100A1EB23 /* Position.swift */; };
		CE7DE5D328B4C43B00A1EB23 /* CartViewModel.swift in Sources */ = {isa = PBXBuildFile; fileRef = CE7DE5D228B4C43B00A1EB23 /* CartViewModel.swift */; };
		CE7DE5D528B4C75C00A1EB23 /* PositionCell.swift in Sources */ = {isa = PBXBuildFile; fileRef = CE7DE5D428B4C75B00A1EB23 /* PositionCell.swift */; };
		CE862F3F28C7865F0076FD78 /* ProfileViewModel.swift in Sources */ = {isa = PBXBuildFile; fileRef = CE862F3E28C7865F0076FD78 /* ProfileViewModel.swift */; };
		CE8B4AA328C88319002DABED /* Order.swift in Sources */ = {isa = PBXBuildFile; fileRef = CE8B4AA228C88319002DABED /* Order.swift */; };
		CE8B4AA528C88CC0002DABED /* OrderStatus.swift in Sources */ = {isa = PBXBuildFile; fileRef = CE8B4AA428C88CC0002DABED /* OrderStatus.swift */; };
		CEB2EE3528CA14DC003823B4 /* AdminOrdersView.swift in Sources */ = {isa = PBXBuildFile; fileRef = CEB2EE3428CA14DC003823B4 /* AdminOrdersView.swift */; };
		CEB2EE3728CA1701003823B4 /* AdminOrdersViewModel.swift in Sources */ = {isa = PBXBuildFile; fileRef = CEB2EE3628CA1701003823B4 /* AdminOrdersViewModel.swift */; };
		CEB2EE3928CA19E1003823B4 /* OrderView.swift in Sources */ = {isa = PBXBuildFile; fileRef = CEB2EE3828CA19E0003823B4 /* OrderView.swift */; };
		CEB2EE3B28CA19FC003823B4 /* OrderViewModel.swift in Sources */ = {isa = PBXBuildFile; fileRef = CEB2EE3A28CA19FC003823B4 /* OrderViewModel.swift */; };
		CEC7DB5A28B1853200E85D41 /* Product.swift in Sources */ = {isa = PBXBuildFile; fileRef = CEC7DB5928B1853200E85D41 /* Product.swift */; };
		CEC7DB5D28B1861000E85D41 /* ProductCell.swift in Sources */ = {isa = PBXBuildFile; fileRef = CEC7DB5C28B1861000E85D41 /* ProductCell.swift */; };
		CEC7DB6028B18DFB00E85D41 /* CatalogViewModel.swift in Sources */ = {isa = PBXBuildFile; fileRef = CEC7DB5F28B18DFB00E85D41 /* CatalogViewModel.swift */; };
		CECFBFFD28D0AE4000AA7457 /* ImagePicker.swift in Sources */ = {isa = PBXBuildFile; fileRef = CECFBFFC28D0AE4000AA7457 /* ImagePicker.swift */; };
		CECFBFFF28D0B2BC00AA7457 /* AddProductView.swift in Sources */ = {isa = PBXBuildFile; fileRef = CECFBFFE28D0B2BC00AA7457 /* AddProductView.swift */; };
		CEEA610428B2D12800115881 /* ProductDetailView.swift in Sources */ = {isa = PBXBuildFile; fileRef = CEEA610328B2D12800115881 /* ProductDetailView.swift */; };
		CEEA610628B2D62C00115881 /* ProductDetailViewModel.swift in Sources */ = {isa = PBXBuildFile; fileRef = CEEA610528B2D62C00115881 /* ProductDetailViewModel.swift */; };
/* End PBXBuildFile section */

/* Begin PBXFileReference section */
		CE39C7C228D35D0A00C27AAD /* StorageService.swift */ = {isa = PBXFileReference; lastKnownFileType = sourcecode.swift; path = StorageService.swift; sourceTree = "<group>"; };
		CE3BB89228B10E62009C9996 /* PizzaShop.app */ = {isa = PBXFileReference; explicitFileType = wrapper.application; includeInIndex = 0; path = PizzaShop.app; sourceTree = BUILT_PRODUCTS_DIR; };
		CE3BB89528B10E62009C9996 /* PizzaShopApp.swift */ = {isa = PBXFileReference; lastKnownFileType = sourcecode.swift; path = PizzaShopApp.swift; sourceTree = "<group>"; };
		CE3BB89728B10E62009C9996 /* AuthView.swift */ = {isa = PBXFileReference; lastKnownFileType = sourcecode.swift; path = AuthView.swift; sourceTree = "<group>"; };
		CE3BB89928B10E64009C9996 /* Assets.xcassets */ = {isa = PBXFileReference; lastKnownFileType = folder.assetcatalog; path = Assets.xcassets; sourceTree = "<group>"; };
		CE3BB89C28B10E64009C9996 /* Preview Assets.xcassets */ = {isa = PBXFileReference; lastKnownFileType = folder.assetcatalog; path = "Preview Assets.xcassets"; sourceTree = "<group>"; };
		CE3BB8A528B12C52009C9996 /* MainTabBarView.swift */ = {isa = PBXFileReference; lastKnownFileType = sourcecode.swift; path = MainTabBarView.swift; sourceTree = "<group>"; };
		CE3BB8A728B1302D009C9996 /* CatalogView.swift */ = {isa = PBXFileReference; lastKnownFileType = sourcecode.swift; path = CatalogView.swift; sourceTree = "<group>"; };
		CE3BB8A928B13039009C9996 /* CartView.swift */ = {isa = PBXFileReference; lastKnownFileType = sourcecode.swift; path = CartView.swift; sourceTree = "<group>"; };
		CE3BB8AB28B13044009C9996 /* ProfileView.swift */ = {isa = PBXFileReference; lastKnownFileType = sourcecode.swift; path = ProfileView.swift; sourceTree = "<group>"; };
		CE510FE128C92DC000C09558 /* OrderCell.swift */ = {isa = PBXFileReference; lastKnownFileType = sourcecode.swift; path = OrderCell.swift; sourceTree = "<group>"; };
		CE5128BC28C61CB0007EA95D /* MainTabBarViewModel.swift */ = {isa = PBXFileReference; lastKnownFileType = sourcecode.swift; path = MainTabBarViewModel.swift; sourceTree = "<group>"; };
		CE5128BE28C62399007EA95D /* PropertiesUser.swift */ = {isa = PBXFileReference; lastKnownFileType = sourcecode.swift; path = PropertiesUser.swift; sourceTree = "<group>"; };
		CE5128C028C624B7007EA95D /* DataBaseService.swift */ = {isa = PBXFileReference; lastKnownFileType = sourcecode.swift; path = DataBaseService.swift; sourceTree = "<group>"; };
		CE5B275B28B6474C00B9453E /* GoogleService-Info.plist */ = {isa = PBXFileReference; fileEncoding = 4; lastKnownFileType = text.plist.xml; path = "GoogleService-Info.plist"; sourceTree = "<group>"; };
		CE5B276428B6517D00B9453E /* AuthService.swift */ = {isa = PBXFileReference; lastKnownFileType = sourcecode.swift; path = AuthService.swift; sourceTree = "<group>"; };
		CE7DE5D028B4C3E100A1EB23 /* Position.swift */ = {isa = PBXFileReference; lastKnownFileType = sourcecode.swift; path = Position.swift; sourceTree = "<group>"; };
		CE7DE5D228B4C43B00A1EB23 /* CartViewModel.swift */ = {isa = PBXFileReference; lastKnownFileType = sourcecode.swift; path = CartViewModel.swift; sourceTree = "<group>"; };
		CE7DE5D428B4C75B00A1EB23 /* PositionCell.swift */ = {isa = PBXFileReference; lastKnownFileType = sourcecode.swift; path = PositionCell.swift; sourceTree = "<group>"; };
		CE862F3E28C7865F0076FD78 /* ProfileViewModel.swift */ = {isa = PBXFileReference; lastKnownFileType = sourcecode.swift; path = ProfileViewModel.swift; sourceTree = "<group>"; };
		CE8B4AA228C88319002DABED /* Order.swift */ = {isa = PBXFileReference; lastKnownFileType = sourcecode.swift; path = Order.swift; sourceTree = "<group>"; };
		CE8B4AA428C88CC0002DABED /* OrderStatus.swift */ = {isa = PBXFileReference; lastKnownFileType = sourcecode.swift; name = OrderStatus.swift; path = PizzaShop/Models/OrderStatus.swift; sourceTree = SOURCE_ROOT; };
		CEB2EE3428CA14DC003823B4 /* AdminOrdersView.swift */ = {isa = PBXFileReference; lastKnownFileType = sourcecode.swift; path = AdminOrdersView.swift; sourceTree = "<group>"; };
		CEB2EE3628CA1701003823B4 /* AdminOrdersViewModel.swift */ = {isa = PBXFileReference; lastKnownFileType = sourcecode.swift; path = AdminOrdersViewModel.swift; sourceTree = "<group>"; };
		CEB2EE3828CA19E0003823B4 /* OrderView.swift */ = {isa = PBXFileReference; lastKnownFileType = sourcecode.swift; path = OrderView.swift; sourceTree = "<group>"; };
		CEB2EE3A28CA19FC003823B4 /* OrderViewModel.swift */ = {isa = PBXFileReference; lastKnownFileType = sourcecode.swift; path = OrderViewModel.swift; sourceTree = "<group>"; };
		CEC7DB5928B1853200E85D41 /* Product.swift */ = {isa = PBXFileReference; lastKnownFileType = sourcecode.swift; path = Product.swift; sourceTree = "<group>"; };
		CEC7DB5C28B1861000E85D41 /* ProductCell.swift */ = {isa = PBXFileReference; lastKnownFileType = sourcecode.swift; path = ProductCell.swift; sourceTree = "<group>"; };
		CEC7DB5F28B18DFB00E85D41 /* CatalogViewModel.swift */ = {isa = PBXFileReference; lastKnownFileType = sourcecode.swift; path = CatalogViewModel.swift; sourceTree = "<group>"; };
		CECFBFFC28D0AE4000AA7457 /* ImagePicker.swift */ = {isa = PBXFileReference; lastKnownFileType = sourcecode.swift; path = ImagePicker.swift; sourceTree = "<group>"; };
		CECFBFFE28D0B2BC00AA7457 /* AddProductView.swift */ = {isa = PBXFileReference; lastKnownFileType = sourcecode.swift; path = AddProductView.swift; sourceTree = "<group>"; };
		CEEA610328B2D12800115881 /* ProductDetailView.swift */ = {isa = PBXFileReference; lastKnownFileType = sourcecode.swift; path = ProductDetailView.swift; sourceTree = "<group>"; };
		CEEA610528B2D62C00115881 /* ProductDetailViewModel.swift */ = {isa = PBXFileReference; lastKnownFileType = sourcecode.swift; path = ProductDetailViewModel.swift; sourceTree = "<group>"; };
/* End PBXFileReference section */

/* Begin PBXFrameworksBuildPhase section */
		CE3BB88F28B10E62009C9996 /* Frameworks */ = {
			isa = PBXFrameworksBuildPhase;
			buildActionMask = 2147483647;
			files = (
				CE5B275F28B64AD400B9453E /* FirebaseAuth in Frameworks */,
				CE5B276128B64AD400B9453E /* FirebaseFirestore in Frameworks */,
				CE5B276328B64AD400B9453E /* FirebaseStorage in Frameworks */,
			);
			runOnlyForDeploymentPostprocessing = 0;
		};
/* End PBXFrameworksBuildPhase section */

/* Begin PBXGroup section */
		CE3BB88928B10E62009C9996 = {
			isa = PBXGroup;
			children = (
				CE3BB89428B10E62009C9996 /* PizzaShop */,
				CE3BB89328B10E62009C9996 /* Products */,
			);
			sourceTree = "<group>";
		};
		CE3BB89328B10E62009C9996 /* Products */ = {
			isa = PBXGroup;
			children = (
				CE3BB89228B10E62009C9996 /* PizzaShop.app */,
			);
			name = Products;
			sourceTree = "<group>";
		};
		CE3BB89428B10E62009C9996 /* PizzaShop */ = {
			isa = PBXGroup;
			children = (
				CE3BB89528B10E62009C9996 /* PizzaShopApp.swift */,
				CE5B276628B6518400B9453E /* Services */,
				CEC7DB5B28B185E600E85D41 /* Components */,
				CEC7DB5828B1851C00E85D41 /* Models */,
				CEC7DB5728B1850F00E85D41 /* Views */,
				CEC7DB5E28B18DD900E85D41 /* ViewModels */,
				CE3BB89928B10E64009C9996 /* Assets.xcassets */,
				CE5B275B28B6474C00B9453E /* GoogleService-Info.plist */,
				CE3BB89B28B10E64009C9996 /* Preview Content */,
			);
			path = PizzaShop;
			sourceTree = "<group>";
		};
		CE3BB89B28B10E64009C9996 /* Preview Content */ = {
			isa = PBXGroup;
			children = (
				CE3BB89C28B10E64009C9996 /* Preview Assets.xcassets */,
			);
			path = "Preview Content";
			sourceTree = "<group>";
		};
		CE5B276628B6518400B9453E /* Services */ = {
			isa = PBXGroup;
			children = (
				CE5B276428B6517D00B9453E /* AuthService.swift */,
				CE5128C028C624B7007EA95D /* DataBaseService.swift */,
				CE39C7C228D35D0A00C27AAD /* StorageService.swift */,
			);
			path = Services;
			sourceTree = "<group>";
		};
		CEB2EE3128CA129D003823B4 /* AdminInterface */ = {
			isa = PBXGroup;
			children = (
				CEB2EE3428CA14DC003823B4 /* AdminOrdersView.swift */,
				CEB2EE3828CA19E0003823B4 /* OrderView.swift */,
				CECFBFFE28D0B2BC00AA7457 /* AddProductView.swift */,
			);
			path = AdminInterface;
			sourceTree = "<group>";
		};
		CEC7DB5728B1850F00E85D41 /* Views */ = {
			isa = PBXGroup;
			children = (
				CEB2EE3128CA129D003823B4 /* AdminInterface */,
				CE3BB89728B10E62009C9996 /* AuthView.swift */,
				CE3BB8A528B12C52009C9996 /* MainTabBarView.swift */,
				CE3BB8A728B1302D009C9996 /* CatalogView.swift */,
				CE3BB8A928B13039009C9996 /* CartView.swift */,
				CE3BB8AB28B13044009C9996 /* ProfileView.swift */,
				CEEA610328B2D12800115881 /* ProductDetailView.swift */,
			);
			path = Views;
			sourceTree = "<group>";
		};
		CEC7DB5828B1851C00E85D41 /* Models */ = {
			isa = PBXGroup;
			children = (
				CEC7DB5928B1853200E85D41 /* Product.swift */,
				CE7DE5D028B4C3E100A1EB23 /* Position.swift */,
				CE5128BE28C62399007EA95D /* PropertiesUser.swift */,
				CE8B4AA228C88319002DABED /* Order.swift */,
				CE8B4AA428C88CC0002DABED /* OrderStatus.swift */,
			);
			path = Models;
			sourceTree = "<group>";
		};
		CEC7DB5B28B185E600E85D41 /* Components */ = {
			isa = PBXGroup;
			children = (
				CEC7DB5C28B1861000E85D41 /* ProductCell.swift */,
				CE7DE5D428B4C75B00A1EB23 /* PositionCell.swift */,
				CE510FE128C92DC000C09558 /* OrderCell.swift */,
				CECFBFFC28D0AE4000AA7457 /* ImagePicker.swift */,
			);
			path = Components;
			sourceTree = "<group>";
		};
		CEC7DB5E28B18DD900E85D41 /* ViewModels */ = {
			isa = PBXGroup;
			children = (
				CEC7DB5F28B18DFB00E85D41 /* CatalogViewModel.swift */,
				CEEA610528B2D62C00115881 /* ProductDetailViewModel.swift */,
				CE7DE5D228B4C43B00A1EB23 /* CartViewModel.swift */,
				CE5128BC28C61CB0007EA95D /* MainTabBarViewModel.swift */,
				CE862F3E28C7865F0076FD78 /* ProfileViewModel.swift */,
				CEB2EE3628CA1701003823B4 /* AdminOrdersViewModel.swift */,
				CEB2EE3A28CA19FC003823B4 /* OrderViewModel.swift */,
			);
			path = ViewModels;
			sourceTree = "<group>";
		};
/* End PBXGroup section */

/* Begin PBXNativeTarget section */
		CE3BB89128B10E62009C9996 /* PizzaShop */ = {
			isa = PBXNativeTarget;
			buildConfigurationList = CE3BB8A028B10E64009C9996 /* Build configuration list for PBXNativeTarget "PizzaShop" */;
			buildPhases = (
				CE3BB88E28B10E62009C9996 /* Sources */,
				CE3BB88F28B10E62009C9996 /* Frameworks */,
				CE3BB89028B10E62009C9996 /* Resources */,
			);
			buildRules = (
			);
			dependencies = (
			);
			name = PizzaShop;
			packageProductDependencies = (
				CE5B275E28B64AD400B9453E /* FirebaseAuth */,
				CE5B276028B64AD400B9453E /* FirebaseFirestore */,
				CE5B276228B64AD400B9453E /* FirebaseStorage */,
			);
			productName = PizzaShop;
			productReference = CE3BB89228B10E62009C9996 /* PizzaShop.app */;
			productType = "com.apple.product-type.application";
		};
/* End PBXNativeTarget section */

/* Begin PBXProject section */
		CE3BB88A28B10E62009C9996 /* Project object */ = {
			isa = PBXProject;
			attributes = {
				BuildIndependentTargetsInParallel = 1;
				LastSwiftUpdateCheck = 1340;
				LastUpgradeCheck = 1340;
				TargetAttributes = {
					CE3BB89128B10E62009C9996 = {
						CreatedOnToolsVersion = 13.4.1;
					};
				};
			};
			buildConfigurationList = CE3BB88D28B10E62009C9996 /* Build configuration list for PBXProject "PizzaShop" */;
			compatibilityVersion = "Xcode 13.0";
			developmentRegion = en;
			hasScannedForEncodings = 0;
			knownRegions = (
				en,
				Base,
			);
			mainGroup = CE3BB88928B10E62009C9996;
			packageReferences = (
				CE5B275D28B64AD400B9453E /* XCRemoteSwiftPackageReference "firebase-ios-sdk" */,
			);
			productRefGroup = CE3BB89328B10E62009C9996 /* Products */;
			projectDirPath = "";
			projectRoot = "";
			targets = (
				CE3BB89128B10E62009C9996 /* PizzaShop */,
			);
		};
/* End PBXProject section */

/* Begin PBXResourcesBuildPhase section */
		CE3BB89028B10E62009C9996 /* Resources */ = {
			isa = PBXResourcesBuildPhase;
			buildActionMask = 2147483647;
			files = (
				CE3BB89D28B10E64009C9996 /* Preview Assets.xcassets in Resources */,
				CE3BB89A28B10E64009C9996 /* Assets.xcassets in Resources */,
				CE5B275C28B6474C00B9453E /* GoogleService-Info.plist in Resources */,
			);
			runOnlyForDeploymentPostprocessing = 0;
		};
/* End PBXResourcesBuildPhase section */

/* Begin PBXSourcesBuildPhase section */
		CE3BB88E28B10E62009C9996 /* Sources */ = {
			isa = PBXSourcesBuildPhase;
			buildActionMask = 2147483647;
			files = (
				CE3BB8AA28B13039009C9996 /* CartView.swift in Sources */,
				CEB2EE3728CA1701003823B4 /* AdminOrdersViewModel.swift in Sources */,
				CE862F3F28C7865F0076FD78 /* ProfileViewModel.swift in Sources */,
				CECFBFFD28D0AE4000AA7457 /* ImagePicker.swift in Sources */,
				CE8B4AA328C88319002DABED /* Order.swift in Sources */,
				CEEA610428B2D12800115881 /* ProductDetailView.swift in Sources */,
				CE5128C128C624B8007EA95D /* DataBaseService.swift in Sources */,
				CE7DE5D128B4C3E100A1EB23 /* Position.swift in Sources */,
				CE7DE5D328B4C43B00A1EB23 /* CartViewModel.swift in Sources */,
				CE3BB89828B10E62009C9996 /* AuthView.swift in Sources */,
				CE3BB8A628B12C52009C9996 /* MainTabBarView.swift in Sources */,
				CE7DE5D528B4C75C00A1EB23 /* PositionCell.swift in Sources */,
				CE3BB8A828B1302E009C9996 /* CatalogView.swift in Sources */,
				CEB2EE3528CA14DC003823B4 /* AdminOrdersView.swift in Sources */,
				CEEA610628B2D62C00115881 /* ProductDetailViewModel.swift in Sources */,
				CE510FE228C92DC000C09558 /* OrderCell.swift in Sources */,
				CECFBFFF28D0B2BC00AA7457 /* AddProductView.swift in Sources */,
				CE39C7C328D35D0A00C27AAD /* StorageService.swift in Sources */,
				CE8B4AA528C88CC0002DABED /* OrderStatus.swift in Sources */,
				CE5128BD28C61CB1007EA95D /* MainTabBarViewModel.swift in Sources */,
				CE5128BF28C62399007EA95D /* PropertiesUser.swift in Sources */,
				CE3BB8AC28B13044009C9996 /* ProfileView.swift in Sources */,
				CEB2EE3928CA19E1003823B4 /* OrderView.swift in Sources */,
				CEC7DB5D28B1861000E85D41 /* ProductCell.swift in Sources */,
				CE3BB89628B10E62009C9996 /* PizzaShopApp.swift in Sources */,
				CE5B276528B6517E00B9453E /* AuthService.swift in Sources */,
				CEB2EE3B28CA19FC003823B4 /* OrderViewModel.swift in Sources */,
				CEC7DB5A28B1853200E85D41 /* Product.swift in Sources */,
				CEC7DB6028B18DFB00E85D41 /* CatalogViewModel.swift in Sources */,
			);
			runOnlyForDeploymentPostprocessing = 0;
		};
/* End PBXSourcesBuildPhase section */

/* Begin XCBuildConfiguration section */
		CE3BB89E28B10E64009C9996 /* Debug */ = {
			isa = XCBuildConfiguration;
			buildSettings = {
				ALWAYS_SEARCH_USER_PATHS = NO;
				CLANG_ANALYZER_NONNULL = YES;
				CLANG_ANALYZER_NUMBER_OBJECT_CONVERSION = YES_AGGRESSIVE;
				CLANG_CXX_LANGUAGE_STANDARD = "gnu++17";
				CLANG_ENABLE_MODULES = YES;
				CLANG_ENABLE_OBJC_ARC = YES;
				CLANG_ENABLE_OBJC_WEAK = YES;
				CLANG_WARN_BLOCK_CAPTURE_AUTORELEASING = YES;
				CLANG_WARN_BOOL_CONVERSION = YES;
				CLANG_WARN_COMMA = YES;
				CLANG_WARN_CONSTANT_CONVERSION = YES;
				CLANG_WARN_DEPRECATED_OBJC_IMPLEMENTATIONS = YES;
				CLANG_WARN_DIRECT_OBJC_ISA_USAGE = YES_ERROR;
				CLANG_WARN_DOCUMENTATION_COMMENTS = YES;
				CLANG_WARN_EMPTY_BODY = YES;
				CLANG_WARN_ENUM_CONVERSION = YES;
				CLANG_WARN_INFINITE_RECURSION = YES;
				CLANG_WARN_INT_CONVERSION = YES;
				CLANG_WARN_NON_LITERAL_NULL_CONVERSION = YES;
				CLANG_WARN_OBJC_IMPLICIT_RETAIN_SELF = YES;
				CLANG_WARN_OBJC_LITERAL_CONVERSION = YES;
				CLANG_WARN_OBJC_ROOT_CLASS = YES_ERROR;
				CLANG_WARN_QUOTED_INCLUDE_IN_FRAMEWORK_HEADER = YES;
				CLANG_WARN_RANGE_LOOP_ANALYSIS = YES;
				CLANG_WARN_STRICT_PROTOTYPES = YES;
				CLANG_WARN_SUSPICIOUS_MOVE = YES;
				CLANG_WARN_UNGUARDED_AVAILABILITY = YES_AGGRESSIVE;
				CLANG_WARN_UNREACHABLE_CODE = YES;
				CLANG_WARN__DUPLICATE_METHOD_MATCH = YES;
				COPY_PHASE_STRIP = NO;
				DEBUG_INFORMATION_FORMAT = dwarf;
				ENABLE_STRICT_OBJC_MSGSEND = YES;
				ENABLE_TESTABILITY = YES;
				GCC_C_LANGUAGE_STANDARD = gnu11;
				GCC_DYNAMIC_NO_PIC = NO;
				GCC_NO_COMMON_BLOCKS = YES;
				GCC_OPTIMIZATION_LEVEL = 0;
				GCC_PREPROCESSOR_DEFINITIONS = (
					"DEBUG=1",
					"$(inherited)",
				);
				GCC_WARN_64_TO_32_BIT_CONVERSION = YES;
				GCC_WARN_ABOUT_RETURN_TYPE = YES_ERROR;
				GCC_WARN_UNDECLARED_SELECTOR = YES;
				GCC_WARN_UNINITIALIZED_AUTOS = YES_AGGRESSIVE;
				GCC_WARN_UNUSED_FUNCTION = YES;
				GCC_WARN_UNUSED_VARIABLE = YES;
				IPHONEOS_DEPLOYMENT_TARGET = 15.5;
				MTL_ENABLE_DEBUG_INFO = INCLUDE_SOURCE;
				MTL_FAST_MATH = YES;
				ONLY_ACTIVE_ARCH = YES;
				SDKROOT = iphoneos;
				SWIFT_ACTIVE_COMPILATION_CONDITIONS = DEBUG;
				SWIFT_OPTIMIZATION_LEVEL = "-Onone";
			};
			name = Debug;
		};
		CE3BB89F28B10E64009C9996 /* Release */ = {
			isa = XCBuildConfiguration;
			buildSettings = {
				ALWAYS_SEARCH_USER_PATHS = NO;
				CLANG_ANALYZER_NONNULL = YES;
				CLANG_ANALYZER_NUMBER_OBJECT_CONVERSION = YES_AGGRESSIVE;
				CLANG_CXX_LANGUAGE_STANDARD = "gnu++17";
				CLANG_ENABLE_MODULES = YES;
				CLANG_ENABLE_OBJC_ARC = YES;
				CLANG_ENABLE_OBJC_WEAK = YES;
				CLANG_WARN_BLOCK_CAPTURE_AUTORELEASING = YES;
				CLANG_WARN_BOOL_CONVERSION = YES;
				CLANG_WARN_COMMA = YES;
				CLANG_WARN_CONSTANT_CONVERSION = YES;
				CLANG_WARN_DEPRECATED_OBJC_IMPLEMENTATIONS = YES;
				CLANG_WARN_DIRECT_OBJC_ISA_USAGE = YES_ERROR;
				CLANG_WARN_DOCUMENTATION_COMMENTS = YES;
				CLANG_WARN_EMPTY_BODY = YES;
				CLANG_WARN_ENUM_CONVERSION = YES;
				CLANG_WARN_INFINITE_RECURSION = YES;
				CLANG_WARN_INT_CONVERSION = YES;
				CLANG_WARN_NON_LITERAL_NULL_CONVERSION = YES;
				CLANG_WARN_OBJC_IMPLICIT_RETAIN_SELF = YES;
				CLANG_WARN_OBJC_LITERAL_CONVERSION = YES;
				CLANG_WARN_OBJC_ROOT_CLASS = YES_ERROR;
				CLANG_WARN_QUOTED_INCLUDE_IN_FRAMEWORK_HEADER = YES;
				CLANG_WARN_RANGE_LOOP_ANALYSIS = YES;
				CLANG_WARN_STRICT_PROTOTYPES = YES;
				CLANG_WARN_SUSPICIOUS_MOVE = YES;
				CLANG_WARN_UNGUARDED_AVAILABILITY = YES_AGGRESSIVE;
				CLANG_WARN_UNREACHABLE_CODE = YES;
				CLANG_WARN__DUPLICATE_METHOD_MATCH = YES;
				COPY_PHASE_STRIP = NO;
				DEBUG_INFORMATION_FORMAT = "dwarf-with-dsym";
				ENABLE_NS_ASSERTIONS = NO;
				ENABLE_STRICT_OBJC_MSGSEND = YES;
				GCC_C_LANGUAGE_STANDARD = gnu11;
				GCC_NO_COMMON_BLOCKS = YES;
				GCC_WARN_64_TO_32_BIT_CONVERSION = YES;
				GCC_WARN_ABOUT_RETURN_TYPE = YES_ERROR;
				GCC_WARN_UNDECLARED_SELECTOR = YES;
				GCC_WARN_UNINITIALIZED_AUTOS = YES_AGGRESSIVE;
				GCC_WARN_UNUSED_FUNCTION = YES;
				GCC_WARN_UNUSED_VARIABLE = YES;
				IPHONEOS_DEPLOYMENT_TARGET = 15.5;
				MTL_ENABLE_DEBUG_INFO = NO;
				MTL_FAST_MATH = YES;
				SDKROOT = iphoneos;
				SWIFT_COMPILATION_MODE = wholemodule;
				SWIFT_OPTIMIZATION_LEVEL = "-O";
				VALIDATE_PRODUCT = YES;
			};
			name = Release;
		};
		CE3BB8A128B10E64009C9996 /* Debug */ = {
			isa = XCBuildConfiguration;
			buildSettings = {
				ASSETCATALOG_COMPILER_APPICON_NAME = AppIcon;
				ASSETCATALOG_COMPILER_GLOBAL_ACCENT_COLOR_NAME = AccentColor;
				CODE_SIGN_STYLE = Automatic;
				CURRENT_PROJECT_VERSION = 1;
				DEVELOPMENT_ASSET_PATHS = "\"PizzaShop/Preview Content\"";
				DEVELOPMENT_TEAM = DTSRHZ7G5C;
				ENABLE_PREVIEWS = YES;
				GENERATE_INFOPLIST_FILE = YES;
				INFOPLIST_KEY_NSCameraUsageDescription = "Разрешить использовать камеру?";
				INFOPLIST_KEY_NSPhotoLibraryAddUsageDescription = "Разрешить использовать галлерею для выбора фото?";
				INFOPLIST_KEY_UIApplicationSceneManifest_Generation = YES;
				INFOPLIST_KEY_UIApplicationSupportsIndirectInputEvents = YES;
				INFOPLIST_KEY_UILaunchScreen_Generation = YES;
				INFOPLIST_KEY_UISupportedInterfaceOrientations_iPad = "UIInterfaceOrientationPortrait UIInterfaceOrientationPortraitUpsideDown UIInterfaceOrientationLandscapeLeft UIInterfaceOrientationLandscapeRight";
				INFOPLIST_KEY_UISupportedInterfaceOrientations_iPhone = "UIInterfaceOrientationPortrait UIInterfaceOrientationLandscapeLeft UIInterfaceOrientationLandscapeRight";
				LD_RUNPATH_SEARCH_PATHS = (
					"$(inherited)",
					"@executable_path/Frameworks",
				);
				MARKETING_VERSION = 1.0;
				PRODUCT_BUNDLE_IDENTIFIER = DreamToBeADev.PizzaShop;
				PRODUCT_NAME = "$(TARGET_NAME)";
				SWIFT_EMIT_LOC_STRINGS = YES;
				SWIFT_VERSION = 5.0;
				TARGETED_DEVICE_FAMILY = "1,2";
			};
			name = Debug;
		};
		CE3BB8A228B10E64009C9996 /* Release */ = {
			isa = XCBuildConfiguration;
			buildSettings = {
				ASSETCATALOG_COMPILER_APPICON_NAME = AppIcon;
				ASSETCATALOG_COMPILER_GLOBAL_ACCENT_COLOR_NAME = AccentColor;
				CODE_SIGN_STYLE = Automatic;
				CURRENT_PROJECT_VERSION = 1;
				DEVELOPMENT_ASSET_PATHS = "\"PizzaShop/Preview Content\"";
				DEVELOPMENT_TEAM = DTSRHZ7G5C;
				ENABLE_PREVIEWS = YES;
				GENERATE_INFOPLIST_FILE = YES;
				INFOPLIST_KEY_NSCameraUsageDescription = "Разрешить использовать камеру?";
				INFOPLIST_KEY_NSPhotoLibraryAddUsageDescription = "Разрешить использовать галлерею для выбора фото?";
				INFOPLIST_KEY_UIApplicationSceneManifest_Generation = YES;
				INFOPLIST_KEY_UIApplicationSupportsIndirectInputEvents = YES;
				INFOPLIST_KEY_UILaunchScreen_Generation = YES;
				INFOPLIST_KEY_UISupportedInterfaceOrientations_iPad = "UIInterfaceOrientationPortrait UIInterfaceOrientationPortraitUpsideDown UIInterfaceOrientationLandscapeLeft UIInterfaceOrientationLandscapeRight";
				INFOPLIST_KEY_UISupportedInterfaceOrientations_iPhone = "UIInterfaceOrientationPortrait UIInterfaceOrientationLandscapeLeft UIInterfaceOrientationLandscapeRight";
				LD_RUNPATH_SEARCH_PATHS = (
					"$(inherited)",
					"@executable_path/Frameworks",
				);
				MARKETING_VERSION = 1.0;
				PRODUCT_BUNDLE_IDENTIFIER = DreamToBeADev.PizzaShop;
				PRODUCT_NAME = "$(TARGET_NAME)";
				SWIFT_EMIT_LOC_STRINGS = YES;
				SWIFT_VERSION = 5.0;
				TARGETED_DEVICE_FAMILY = "1,2";
			};
			name = Release;
		};
/* End XCBuildConfiguration section */

/* Begin XCConfigurationList section */
		CE3BB88D28B10E62009C9996 /* Build configuration list for PBXProject "PizzaShop" */ = {
			isa = XCConfigurationList;
			buildConfigurations = (
				CE3BB89E28B10E64009C9996 /* Debug */,
				CE3BB89F28B10E64009C9996 /* Release */,
			);
			defaultConfigurationIsVisible = 0;
			defaultConfigurationName = Release;
		};
		CE3BB8A028B10E64009C9996 /* Build configuration list for PBXNativeTarget "PizzaShop" */ = {
			isa = XCConfigurationList;
			buildConfigurations = (
				CE3BB8A128B10E64009C9996 /* Debug */,
				CE3BB8A228B10E64009C9996 /* Release */,
			);
			defaultConfigurationIsVisible = 0;
			defaultConfigurationName = Release;
		};
/* End XCConfigurationList section */

/* Begin XCRemoteSwiftPackageReference section */
		CE5B275D28B64AD400B9453E /* XCRemoteSwiftPackageReference "firebase-ios-sdk" */ = {
			isa = XCRemoteSwiftPackageReference;
			repositoryURL = "https://github.com/firebase/firebase-ios-sdk";
			requirement = {
				kind = upToNextMajorVersion;
				minimumVersion = 9.0.0;
			};
		};
/* End XCRemoteSwiftPackageReference section */

/* Begin XCSwiftPackageProductDependency section */
		CE5B275E28B64AD400B9453E /* FirebaseAuth */ = {
			isa = XCSwiftPackageProductDependency;
			package = CE5B275D28B64AD400B9453E /* XCRemoteSwiftPackageReference "firebase-ios-sdk" */;
			productName = FirebaseAuth;
		};
		CE5B276028B64AD400B9453E /* FirebaseFirestore */ = {
			isa = XCSwiftPackageProductDependency;
			package = CE5B275D28B64AD400B9453E /* XCRemoteSwiftPackageReference "firebase-ios-sdk" */;
			productName = FirebaseFirestore;
		};
		CE5B276228B64AD400B9453E /* FirebaseStorage */ = {
			isa = XCSwiftPackageProductDependency;
			package = CE5B275D28B64AD400B9453E /* XCRemoteSwiftPackageReference "firebase-ios-sdk" */;
			productName = FirebaseStorage;
		};
/* End XCSwiftPackageProductDependency section */
	};
	rootObject = CE3BB88A28B10E62009C9996 /* Project object */;
}
